
Microsoft Visual Studio Solution File, Format Version 11.00
# Visual Studio 2010
Project("{FAE04EC0-301F-11D3-BF4B-00C04F79EFBC}") = "MeshCombineStudio.Runtime", "MeshCombineStudio.Runtime.csproj", "{869d78dc-78ee-bf3d-e71d-995a7f4828bc}"
EndProject
Project("{FAE04EC0-301F-11D3-BF4B-00C04F79EFBC}") = "Assembly-CSharp", "Assembly-CSharp.csproj", "{346de4e5-995c-c1f3-e89e-7f749fc80df9}"
EndProject
Project("{FAE04EC0-301F-11D3-BF4B-00C04F79EFBC}") = "PathCreator", "PathCreator.csproj", "{169732a2-91cd-e621-147f-6bffb31bfe64}"
EndProject
Project("{FAE04EC0-301F-11D3-BF4B-00C04F79EFBC}") = "Assembly-CSharp-Editor", "Assembly-CSharp-Editor.csproj", "{0ea235db-cd9a-3a64-819b-97c751f17b86}"
EndProject
Project("{FAE04EC0-301F-11D3-BF4B-00C04F79EFBC}") = "PathCreatorEditor", "PathCreatorEditor.csproj", "{5a1d0a46-9f28-04c8-0f2d-8017bea534cb}"
EndProject
Project("{FAE04EC0-301F-11D3-BF4B-00C04F79EFBC}") = "MeshCombineStudio.Editor", "MeshCombineStudio.Editor.csproj", "{1d292417-3551-77ed-d7ea-77d7ec8d8faf}"
EndProject
Global
	GlobalSection(SolutionConfigurationPlatforms) = preSolution
		Debug|Any CPU = Debug|Any CPU
	EndGlobalSection
	GlobalSection(ProjectConfigurationPlatforms) = postSolution
		{869d78dc-78ee-bf3d-e71d-995a7f4828bc}.Debug|Any CPU.ActiveCfg = Debug|Any CPU
		{869d78dc-78ee-bf3d-e71d-995a7f4828bc}.Debug|Any CPU.Build.0 = Debug|Any CPU
		{346de4e5-995c-c1f3-e89e-7f749fc80df9}.Debug|Any CPU.ActiveCfg = Debug|Any CPU
		{346de4e5-995c-c1f3-e89e-7f749fc80df9}.Debug|Any CPU.Build.0 = Debug|Any CPU
		{169732a2-91cd-e621-147f-6bffb31bfe64}.Debug|Any CPU.ActiveCfg = Debug|Any CPU
		{169732a2-91cd-e621-147f-6bffb31bfe64}.Debug|Any CPU.Build.0 = Debug|Any CPU
		{0ea235db-cd9a-3a64-819b-97c751f17b86}.Debug|Any CPU.ActiveCfg = Debug|Any CPU
		{0ea235db-cd9a-3a64-819b-97c751f17b86}.Debug|Any CPU.Build.0 = Debug|Any CPU
		{5a1d0a46-9f28-04c8-0f2d-8017bea534cb}.Debug|Any CPU.ActiveCfg = Debug|Any CPU
		{5a1d0a46-9f28-04c8-0f2d-8017bea534cb}.Debug|Any CPU.Build.0 = Debug|Any CPU
		{1d292417-3551-77ed-d7ea-77d7ec8d8faf}.Debug|Any CPU.ActiveCfg = Debug|Any CPU
		{1d292417-3551-77ed-d7ea-77d7ec8d8faf}.Debug|Any CPU.Build.0 = Debug|Any CPU
	EndGlobalSection
	GlobalSection(SolutionProperties) = preSolution
		HideSolutionNode = FALSE
	EndGlobalSection
EndGlobal
